// !$*UTF8*$!
{
	archiveVersion = 1;
	classes = {
	};
	objectVersion = 46;
	objects = {

/* Begin PBXBuildFile section */
		F91EC2B81EBCBC4A00F69929 /* main.m in Sources */ = {isa = PBXBuildFile; fileRef = F91EC2B71EBCBC4A00F69929 /* main.m */; };
		F91EC2BB1EBCBC4A00F69929 /* AppDelegate.m in Sources */ = {isa = PBXBuildFile; fileRef = F91EC2BA1EBCBC4A00F69929 /* AppDelegate.m */; };
		F91EC2BE1EBCBC4A00F69929 /* ViewController.m in Sources */ = {isa = PBXBuildFile; fileRef = F91EC2BD1EBCBC4A00F69929 /* ViewController.m */; };
		F91EC2C11EBCBC4A00F69929 /* Main.storyboard in Resources */ = {isa = PBXBuildFile; fileRef = F91EC2BF1EBCBC4A00F69929 /* Main.storyboard */; };
		F91EC2C31EBCBC4A00F69929 /* Assets.xcassets in Resources */ = {isa = PBXBuildFile; fileRef = F91EC2C21EBCBC4A00F69929 /* Assets.xcassets */; };
		F91EC2C61EBCBC4A00F69929 /* LaunchScreen.storyboard in Resources */ = {isa = PBXBuildFile; fileRef = F91EC2C41EBCBC4A00F69929 /* LaunchScreen.storyboard */; };
		F91EC2D11EBCBC4B00F69929 /* _7_HomeWork_UIButtonTests.m in Sources */ = {isa = PBXBuildFile; fileRef = F91EC2D01EBCBC4B00F69929 /* _7_HomeWork_UIButtonTests.m */; };
		F91EC2DC1EBCBC4B00F69929 /* _7_HomeWork_UIButtonUITests.m in Sources */ = {isa = PBXBuildFile; fileRef = F91EC2DB1EBCBC4B00F69929 /* _7_HomeWork_UIButtonUITests.m */; };
/* End PBXBuildFile section */

/* Begin PBXContainerItemProxy section */
		F91EC2CD1EBCBC4A00F69929 /* PBXContainerItemProxy */ = {
			isa = PBXContainerItemProxy;
			containerPortal = F91EC2AB1EBCBC4A00F69929 /* Project object */;
			proxyType = 1;
			remoteGlobalIDString = F91EC2B21EBCBC4A00F69929;
			remoteInfo = "17-HomeWork-UIButton";
		};
		F91EC2D81EBCBC4B00F69929 /* PBXContainerItemProxy */ = {
			isa = PBXContainerItemProxy;
			containerPortal = F91EC2AB1EBCBC4A00F69929 /* Project object */;
			proxyType = 1;
			remoteGlobalIDString = F91EC2B21EBCBC4A00F69929;
			remoteInfo = "17-HomeWork-UIButton";
		};
/* End PBXContainerItemProxy section */

/* Begin PBXFileReference section */
		F91EC2B31EBCBC4A00F69929 /* 17-HomeWork-UIButton.app */ = {isa = PBXFileReference; explicitFileType = wrapper.application; includeInIndex = 0; path = "17-HomeWork-UIButton.app"; sourceTree = BUILT_PRODUCTS_DIR; };
		F91EC2B71EBCBC4A00F69929 /* main.m */ = {isa = PBXFileReference; lastKnownFileType = sourcecode.c.objc; path = main.m; sourceTree = "<group>"; };
		F91EC2B91EBCBC4A00F69929 /* AppDelegate.h */ = {isa = PBXFileReference; lastKnownFileType = sourcecode.c.h; path = AppDelegate.h; sourceTree = "<group>"; };
		F91EC2BA1EBCBC4A00F69929 /* AppDelegate.m */ = {isa = PBXFileReference; lastKnownFileType = sourcecode.c.objc; path = AppDelegate.m; sourceTree = "<group>"; };
		F91EC2BC1EBCBC4A00F69929 /* ViewController.h */ = {isa = PBXFileReference; lastKnownFileType = sourcecode.c.h; path = ViewController.h; sourceTree = "<group>"; };
		F91EC2BD1EBCBC4A00F69929 /* ViewController.m */ = {isa = PBXFileReference; lastKnownFileType = sourcecode.c.objc; path = ViewController.m; sourceTree = "<group>"; };
		F91EC2C01EBCBC4A00F69929 /* Base */ = {isa = PBXFileReference; lastKnownFileType = file.storyboard; name = Base; path = Base.lproj/Main.storyboard; sourceTree = "<group>"; };
		F91EC2C21EBCBC4A00F69929 /* Assets.xcassets */ = {isa = PBXFileReference; lastKnownFileType = folder.assetcatalog; path = Assets.xcassets; sourceTree = "<group>"; };
		F91EC2C51EBCBC4A00F69929 /* Base */ = {isa = PBXFileReference; lastKnownFileType = file.storyboard; name = Base; path = Base.lproj/LaunchScreen.storyboard; sourceTree = "<group>"; };
		F91EC2C71EBCBC4A00F69929 /* Info.plist */ = {isa = PBXFileReference; lastKnownFileType = text.plist.xml; path = Info.plist; sourceTree = "<group>"; };
		F91EC2CC1EBCBC4A00F69929 /* 17-HomeWork-UIButtonTests.xctest */ = {isa = PBXFileReference; explicitFileType = wrapper.cfbundle; includeInIndex = 0; path = "17-HomeWork-UIButtonTests.xctest"; sourceTree = BUILT_PRODUCTS_DIR; };
		F91EC2D01EBCBC4B00F69929 /* _7_HomeWork_UIButtonTests.m */ = {isa = PBXFileReference; lastKnownFileType = sourcecode.c.objc; path = _7_HomeWork_UIButtonTests.m; sourceTree = "<group>"; };
		F91EC2D21EBCBC4B00F69929 /* Info.plist */ = {isa = PBXFileReference; lastKnownFileType = text.plist.xml; path = Info.plist; sourceTree = "<group>"; };
		F91EC2D71EBCBC4B00F69929 /* 17-HomeWork-UIButtonUITests.xctest */ = {isa = PBXFileReference; explicitFileType = wrapper.cfbundle; includeInIndex = 0; path = "17-HomeWork-UIButtonUITests.xctest"; sourceTree = BUILT_PRODUCTS_DIR; };
		F91EC2DB1EBCBC4B00F69929 /* _7_HomeWork_UIButtonUITests.m */ = {isa = PBXFileReference; lastKnownFileType = sourcecode.c.objc; path = _7_HomeWork_UIButtonUITests.m; sourceTree = "<group>"; };
		F91EC2DD1EBCBC4B00F69929 /* Info.plist */ = {isa = PBXFileReference; lastKnownFileType = text.plist.xml; path = Info.plist; sourceTree = "<group>"; };
/* End PBXFileReference section */

/* Begin PBXFrameworksBuildPhase section */
		F91EC2B01EBCBC4A00F69929 /* Frameworks */ = {
			isa = PBXFrameworksBuildPhase;
			buildActionMask = 2147483647;
			files = (
			);
			runOnlyForDeploymentPostprocessing = 0;
		};
		F91EC2C91EBCBC4A00F69929 /* Frameworks */ = {
			isa = PBXFrameworksBuildPhase;
			buildActionMask = 2147483647;
			files = (
			);
			runOnlyForDeploymentPostprocessing = 0;
		};
		F91EC2D41EBCBC4B00F69929 /* Frameworks */ = {
			isa = PBXFrameworksBuildPhase;
			buildActionMask = 2147483647;
			files = (
			);
			runOnlyForDeploymentPostprocessing = 0;
		};
/* End PBXFrameworksBuildPhase section */

/* Begin PBXGroup section */
		F91EC2AA1EBCBC4A00F69929 = {
			isa = PBXGroup;
			children = (
				F91EC2B51EBCBC4A00F69929 /* 17-HomeWork-UIButton */,
				F91EC2CF1EBCBC4A00F69929 /* 17-HomeWork-UIButtonTests */,
				F91EC2DA1EBCBC4B00F69929 /* 17-HomeWork-UIButtonUITests */,
				F91EC2B41EBCBC4A00F69929 /* Products */,
			);
			sourceTree = "<group>";
		};
		F91EC2B41EBCBC4A00F69929 /* Products */ = {
			isa = PBXGroup;
			children = (
				F91EC2B31EBCBC4A00F69929 /* 17-HomeWork-UIButton.app */,
				F91EC2CC1EBCBC4A00F69929 /* 17-HomeWork-UIButtonTests.xctest */,
				F91EC2D71EBCBC4B00F69929 /* 17-HomeWork-UIButtonUITests.xctest */,
			);
			name = Products;
			sourceTree = "<group>";
		};
		F91EC2B51EBCBC4A00F69929 /* 17-HomeWork-UIButton */ = {
			isa = PBXGroup;
			children = (
				F91EC2B91EBCBC4A00F69929 /* AppDelegate.h */,
				F91EC2BA1EBCBC4A00F69929 /* AppDelegate.m */,
				F91EC2BC1EBCBC4A00F69929 /* ViewController.h */,
				F91EC2BD1EBCBC4A00F69929 /* ViewController.m */,
				F91EC2BF1EBCBC4A00F69929 /* Main.storyboard */,
				F91EC2C21EBCBC4A00F69929 /* Assets.xcassets */,
				F91EC2C41EBCBC4A00F69929 /* LaunchScreen.storyboard */,
				F91EC2C71EBCBC4A00F69929 /* Info.plist */,
				F91EC2B61EBCBC4A00F69929 /* Supporting Files */,
			);
			path = "17-HomeWork-UIButton";
			sourceTree = "<group>";
		};
		F91EC2B61EBCBC4A00F69929 /* Supporting Files */ = {
			isa = PBXGroup;
			children = (
				F91EC2B71EBCBC4A00F69929 /* main.m */,
			);
			name = "Supporting Files";
			sourceTree = "<group>";
		};
		F91EC2CF1EBCBC4A00F69929 /* 17-HomeWork-UIButtonTests */ = {
			isa = PBXGroup;
			children = (
				F91EC2D01EBCBC4B00F69929 /* _7_HomeWork_UIButtonTests.m */,
				F91EC2D21EBCBC4B00F69929 /* Info.plist */,
			);
			path = "17-HomeWork-UIButtonTests";
			sourceTree = "<group>";
		};
		F91EC2DA1EBCBC4B00F69929 /* 17-HomeWork-UIButtonUITests */ = {
			isa = PBXGroup;
			children = (
				F91EC2DB1EBCBC4B00F69929 /* _7_HomeWork_UIButtonUITests.m */,
				F91EC2DD1EBCBC4B00F69929 /* Info.plist */,
			);
			path = "17-HomeWork-UIButtonUITests";
			sourceTree = "<group>";
		};
/* End PBXGroup section */

/* Begin PBXNativeTarget section */
		F91EC2B21EBCBC4A00F69929 /* 17-HomeWork-UIButton */ = {
			isa = PBXNativeTarget;
			buildConfigurationList = F91EC2E01EBCBC4B00F69929 /* Build configuration list for PBXNativeTarget "17-HomeWork-UIButton" */;
			buildPhases = (
				F91EC2AF1EBCBC4A00F69929 /* Sources */,
				F91EC2B01EBCBC4A00F69929 /* Frameworks */,
				F91EC2B11EBCBC4A00F69929 /* Resources */,
			);
			buildRules = (
			);
			dependencies = (
			);
			name = "17-HomeWork-UIButton";
			productName = "17-HomeWork-UIButton";
			productReference = F91EC2B31EBCBC4A00F69929 /* 17-HomeWork-UIButton.app */;
			productType = "com.apple.product-type.application";
		};
		F91EC2CB1EBCBC4A00F69929 /* 17-HomeWork-UIButtonTests */ = {
			isa = PBXNativeTarget;
			buildConfigurationList = F91EC2E31EBCBC4B00F69929 /* Build configuration list for PBXNativeTarget "17-HomeWork-UIButtonTests" */;
			buildPhases = (
				F91EC2C81EBCBC4A00F69929 /* Sources */,
				F91EC2C91EBCBC4A00F69929 /* Frameworks */,
				F91EC2CA1EBCBC4A00F69929 /* Resources */,
			);
			buildRules = (
			);
			dependencies = (
				F91EC2CE1EBCBC4A00F69929 /* PBXTargetDependency */,
			);
			name = "17-HomeWork-UIButtonTests";
			productName = "17-HomeWork-UIButtonTests";
			productReference = F91EC2CC1EBCBC4A00F69929 /* 17-HomeWork-UIButtonTests.xctest */;
			productType = "com.apple.product-type.bundle.unit-test";
		};
		F91EC2D61EBCBC4B00F69929 /* 17-HomeWork-UIButtonUITests */ = {
			isa = PBXNativeTarget;
			buildConfigurationList = F91EC2E61EBCBC4B00F69929 /* Build configuration list for PBXNativeTarget "17-HomeWork-UIButtonUITests" */;
			buildPhases = (
				F91EC2D31EBCBC4B00F69929 /* Sources */,
				F91EC2D41EBCBC4B00F69929 /* Frameworks */,
				F91EC2D51EBCBC4B00F69929 /* Resources */,
			);
			buildRules = (
			);
			dependencies = (
				F91EC2D91EBCBC4B00F69929 /* PBXTargetDependency */,
			);
			name = "17-HomeWork-UIButtonUITests";
			productName = "17-HomeWork-UIButtonUITests";
			productReference = F91EC2D71EBCBC4B00F69929 /* 17-HomeWork-UIButtonUITests.xctest */;
			productType = "com.apple.product-type.bundle.ui-testing";
		};
/* End PBXNativeTarget section */

/* Begin PBXProject section */
		F91EC2AB1EBCBC4A00F69929 /* Project object */ = {
			isa = PBXProject;
			attributes = {
				LastUpgradeCheck = 0830;
				ORGANIZATIONNAME = Slava;
				TargetAttributes = {
					F91EC2B21EBCBC4A00F69929 = {
						CreatedOnToolsVersion = 8.3.2;
						ProvisioningStyle = Automatic;
					};
					F91EC2CB1EBCBC4A00F69929 = {
						CreatedOnToolsVersion = 8.3.2;
						ProvisioningStyle = Automatic;
						TestTargetID = F91EC2B21EBCBC4A00F69929;
					};
					F91EC2D61EBCBC4B00F69929 = {
						CreatedOnToolsVersion = 8.3.2;
						ProvisioningStyle = Automatic;
						TestTargetID = F91EC2B21EBCBC4A00F69929;
					};
				};
			};
			buildConfigurationList = F91EC2AE1EBCBC4A00F69929 /* Build configuration list for PBXProject "17-HomeWork-UIButton" */;
			compatibilityVersion = "Xcode 3.2";
			developmentRegion = English;
			hasScannedForEncodings = 0;
			knownRegions = (
				en,
				Base,
			);
			mainGroup = F91EC2AA1EBCBC4A00F69929;
			productRefGroup = F91EC2B41EBCBC4A00F69929 /* Products */;
			projectDirPath = "";
			projectRoot = "";
			targets = (
				F91EC2B21EBCBC4A00F69929 /* 17-HomeWork-UIButton */,
				F91EC2CB1EBCBC4A00F69929 /* 17-HomeWork-UIButtonTests */,
				F91EC2D61EBCBC4B00F69929 /* 17-HomeWork-UIButtonUITests */,
			);
		};
/* End PBXProject section */

/* Begin PBXResourcesBuildPhase section */
		F91EC2B11EBCBC4A00F69929 /* Resources */ = {
			isa = PBXResourcesBuildPhase;
			buildActionMask = 2147483647;
			files = (
				F91EC2C61EBCBC4A00F69929 /* LaunchScreen.storyboard in Resources */,
				F91EC2C31EBCBC4A00F69929 /* Assets.xcassets in Resources */,
				F91EC2C11EBCBC4A00F69929 /* Main.storyboard in Resources */,
			);
			runOnlyForDeploymentPostprocessing = 0;
		};
		F91EC2CA1EBCBC4A00F69929 /* Resources */ = {
			isa = PBXResourcesBuildPhase;
			buildActionMask = 2147483647;
			files = (
			);
			runOnlyForDeploymentPostprocessing = 0;
		};
		F91EC2D51EBCBC4B00F69929 /* Resources */ = {
			isa = PBXResourcesBuildPhase;
			buildActionMask = 2147483647;
			files = (
			);
			runOnlyForDeploymentPostprocessing = 0;
		};
/* End PBXResourcesBuildPhase section */

/* Begin PBXSourcesBuildPhase section */
		F91EC2AF1EBCBC4A00F69929 /* Sources */ = {
			isa = PBXSourcesBuildPhase;
			buildActionMask = 2147483647;
			files = (
				F91EC2BE1EBCBC4A00F69929 /* ViewController.m in Sources */,
				F91EC2BB1EBCBC4A00F69929 /* AppDelegate.m in Sources */,
				F91EC2B81EBCBC4A00F69929 /* main.m in Sources */,
			);
			runOnlyForDeploymentPostprocessing = 0;
		};
		F91EC2C81EBCBC4A00F69929 /* Sources */ = {
			isa = PBXSourcesBuildPhase;
			buildActionMask = 2147483647;
			files = (
				F91EC2D11EBCBC4B00F69929 /* _7_HomeWork_UIButtonTests.m in Sources */,
			);
			runOnlyForDeploymentPostprocessing = 0;
		};
		F91EC2D31EBCBC4B00F69929 /* Sources */ = {
			isa = PBXSourcesBuildPhase;
			buildActionMask = 2147483647;
			files = (
				F91EC2DC1EBCBC4B00F69929 /* _7_HomeWork_UIButtonUITests.m in Sources */,
			);
			runOnlyForDeploymentPostprocessing = 0;
		};
/* End PBXSourcesBuildPhase section */

/* Begin PBXTargetDependency section */
		F91EC2CE1EBCBC4A00F69929 /* PBXTargetDependency */ = {
			isa = PBXTargetDependency;
			target = F91EC2B21EBCBC4A00F69929 /* 17-HomeWork-UIButton */;
			targetProxy = F91EC2CD1EBCBC4A00F69929 /* PBXContainerItemProxy */;
		};
		F91EC2D91EBCBC4B00F69929 /* PBXTargetDependency */ = {
			isa = PBXTargetDependency;
			target = F91EC2B21EBCBC4A00F69929 /* 17-HomeWork-UIButton */;
			targetProxy = F91EC2D81EBCBC4B00F69929 /* PBXContainerItemProxy */;
		};
/* End PBXTargetDependency section */

/* Begin PBXVariantGroup section */
		F91EC2BF1EBCBC4A00F69929 /* Main.storyboard */ = {
			isa = PBXVariantGroup;
			children = (
				F91EC2C01EBCBC4A00F69929 /* Base */,
			);
			name = Main.storyboard;
			sourceTree = "<group>";
		};
		F91EC2C41EBCBC4A00F69929 /* LaunchScreen.storyboard */ = {
			isa = PBXVariantGroup;
			children = (
				F91EC2C51EBCBC4A00F69929 /* Base */,
			);
			name = LaunchScreen.storyboard;
			sourceTree = "<group>";
		};
/* End PBXVariantGroup section */

/* Begin XCBuildConfiguration section */
		F91EC2DE1EBCBC4B00F69929 /* Debug */ = {
			isa = XCBuildConfiguration;
			buildSettings = {
				ALWAYS_SEARCH_USER_PATHS = NO;
				CLANG_ANALYZER_NONNULL = YES;
				CLANG_ANALYZER_NUMBER_OBJECT_CONVERSION = YES_AGGRESSIVE;
				CLANG_CXX_LANGUAGE_STANDARD = "gnu++0x";
				CLANG_CXX_LIBRARY = "libc++";
				CLANG_ENABLE_MODULES = YES;
				CLANG_ENABLE_OBJC_ARC = YES;
				CLANG_WARN_BOOL_CONVERSION = YES;
				CLANG_WARN_CONSTANT_CONVERSION = YES;
				CLANG_WARN_DIRECT_OBJC_ISA_USAGE = YES_ERROR;
				CLANG_WARN_DOCUMENTATION_COMMENTS = YES;
				CLANG_WARN_EMPTY_BODY = YES;
				CLANG_WARN_ENUM_CONVERSION = YES;
				CLANG_WARN_INFINITE_RECURSION = YES;
				CLANG_WARN_INT_CONVERSION = YES;
				CLANG_WARN_OBJC_ROOT_CLASS = YES_ERROR;
				CLANG_WARN_SUSPICIOUS_MOVE = YES;
				CLANG_WARN_UNREACHABLE_CODE = YES;
				CLANG_WARN__DUPLICATE_METHOD_MATCH = YES;
				"CODE_SIGN_IDENTITY[sdk=iphoneos*]" = "iPhone Developer";
				COPY_PHASE_STRIP = NO;
				DEBUG_INFORMATION_FORMAT = dwarf;
				ENABLE_STRICT_OBJC_MSGSEND = YES;
				ENABLE_TESTABILITY = YES;
				GCC_C_LANGUAGE_STANDARD = gnu99;
				GCC_DYNAMIC_NO_PIC = NO;
				GCC_NO_COMMON_BLOCKS = YES;
				GCC_OPTIMIZATION_LEVEL = 0;
				GCC_PREPROCESSOR_DEFINITIONS = (
					"DEBUG=1",
					"$(inherited)",
				);
				GCC_WARN_64_TO_32_BIT_CONVERSION = YES;
				GCC_WARN_ABOUT_RETURN_TYPE = YES_ERROR;
				GCC_WARN_UNDECLARED_SELECTOR = YES;
				GCC_WARN_UNINITIALIZED_AUTOS = YES_AGGRESSIVE;
				GCC_WARN_UNUSED_FUNCTION = YES;
				GCC_WARN_UNUSED_VARIABLE = YES;
				IPHONEOS_DEPLOYMENT_TARGET = 10.3;
				MTL_ENABLE_DEBUG_INFO = YES;
				ONLY_ACTIVE_ARCH = YES;
				SDKROOT = iphoneos;
				TARGETED_DEVICE_FAMILY = 2;
			};
			name = Debug;
		};
		F91EC2DF1EBCBC4B00F69929 /* Release */ = {
			isa = XCBuildConfiguration;
			buildSettings = {
				ALWAYS_SEARCH_USER_PATHS = NO;
				CLANG_ANALYZER_NONNULL = YES;
				CLANG_ANALYZER_NUMBER_OBJECT_CONVERSION = YES_AGGRESSIVE;
				CLANG_CXX_LANGUAGE_STANDARD = "gnu++0x";
				CLANG_CXX_LIBRARY = "libc++";
				CLANG_ENABLE_MODULES = YES;
				CLANG_ENABLE_OBJC_ARC = YES;
				CLANG_WARN_BOOL_CONVERSION = YES;
				CLANG_WARN_CONSTANT_CONVERSION = YES;
				CLANG_WARN_DIRECT_OBJC_ISA_USAGE = YES_ERROR;
				CLANG_WARN_DOCUMENTATION_COMMENTS = YES;
				CLANG_WARN_EMPTY_BODY = YES;
				CLANG_WARN_ENUM_CONVERSION = YES;
				CLANG_WARN_INFINITE_RECURSION = YES;
				CLANG_WARN_INT_CONVERSION = YES;
				CLANG_WARN_OBJC_ROOT_CLASS = YES_ERROR;
				CLANG_WARN_SUSPICIOUS_MOVE = YES;
				CLANG_WARN_UNREACHABLE_CODE = YES;
				CLANG_WARN__DUPLICATE_METHOD_MATCH = YES;
				"CODE_SIGN_IDENTITY[sdk=iphoneos*]" = "iPhone Developer";
				COPY_PHASE_STRIP = NO;
				DEBUG_INFORMATION_FORMAT = "dwarf-with-dsym";
				ENABLE_NS_ASSERTIONS = NO;
				ENABLE_STRICT_OBJC_MSGSEND = YES;
				GCC_C_LANGUAGE_STANDARD = gnu99;
				GCC_NO_COMMON_BLOCKS = YES;
				GCC_WARN_64_TO_32_BIT_CONVERSION = YES;
				GCC_WARN_ABOUT_RETURN_TYPE = YES_ERROR;
				GCC_WARN_UNDECLARED_SELECTOR = YES;
				GCC_WARN_UNINITIALIZED_AUTOS = YES_AGGRESSIVE;
				GCC_WARN_UNUSED_FUNCTION = YES;
				GCC_WARN_UNUSED_VARIABLE = YES;
				IPHONEOS_DEPLOYMENT_TARGET = 10.3;
				MTL_ENABLE_DEBUG_INFO = NO;
				SDKROOT = iphoneos;
				TARGETED_DEVICE_FAMILY = 2;
				VALIDATE_PRODUCT = YES;
			};
			name = Release;
		};
		F91EC2E11EBCBC4B00F69929 /* Debug */ = {
			isa = XCBuildConfiguration;
			buildSettings = {
				ASSETCATALOG_COMPILER_APPICON_NAME = AppIcon;
				INFOPLIST_FILE = "17-HomeWork-UIButton/Info.plist";
				LD_RUNPATH_SEARCH_PATHS = "$(inherited) @executable_path/Frameworks";
				PRODUCT_BUNDLE_IDENTIFIER = "com.slavchik.-7-HomeWork-UIButton";
				PRODUCT_NAME = "$(TARGET_NAME)";
			};
			name = Debug;
		};
		F91EC2E21EBCBC4B00F69929 /* Release */ = {
			isa = XCBuildConfiguration;
			buildSettings = {
				ASSETCATALOG_COMPILER_APPICON_NAME = AppIcon;
				INFOPLIST_FILE = "17-HomeWork-UIButton/Info.plist";
				LD_RUNPATH_SEARCH_PATHS = "$(inherited) @executable_path/Frameworks";
				PRODUCT_BUNDLE_IDENTIFIER = "com.slavchik.-7-HomeWork-UIButton";
				PRODUCT_NAME = "$(TARGET_NAME)";
			};
			name = Release;
		};
		F91EC2E41EBCBC4B00F69929 /* Debug */ = {
			isa = XCBuildConfiguration;
			buildSettings = {
				BUNDLE_LOADER = "$(TEST_HOST)";
				INFOPLIST_FILE = "17-HomeWork-UIButtonTests/Info.plist";
				LD_RUNPATH_SEARCH_PATHS = "$(inherited) @executable_path/Frameworks @loader_path/Frameworks";
				PRODUCT_BUNDLE_IDENTIFIER = "com.slavchik.-7-HomeWork-UIButtonTests";
				PRODUCT_NAME = "$(TARGET_NAME)";
				TEST_HOST = "$(BUILT_PRODUCTS_DIR)/17-HomeWork-UIButton.app/17-HomeWork-UIButton";
			};
			name = Debug;
		};
		F91EC2E51EBCBC4B00F69929 /* Release */ = {
			isa = XCBuildConfiguration;
			buildSettings = {
				BUNDLE_LOADER = "$(TEST_HOST)";
				INFOPLIST_FILE = "17-HomeWork-UIButtonTests/Info.plist";
				LD_RUNPATH_SEARCH_PATHS = "$(inherited) @executable_path/Frameworks @loader_path/Frameworks";
				PRODUCT_BUNDLE_IDENTIFIER = "com.slavchik.-7-HomeWork-UIButtonTests";
				PRODUCT_NAME = "$(TARGET_NAME)";
				TEST_HOST = "$(BUILT_PRODUCTS_DIR)/17-HomeWork-UIButton.app/17-HomeWork-UIButton";
			};
			name = Release;
		};
		F91EC2E71EBCBC4B00F69929 /* Debug */ = {
			isa = XCBuildConfiguration;
			buildSettings = {
				INFOPLIST_FILE = "17-HomeWork-UIButtonUITests/Info.plist";
				LD_RUNPATH_SEARCH_PATHS = "$(inherited) @executable_path/Frameworks @loader_path/Frameworks";
				PRODUCT_BUNDLE_IDENTIFIER = "com.slavchik.-7-HomeWork-UIButtonUITests";
				PRODUCT_NAME = "$(TARGET_NAME)";
				TEST_TARGET_NAME = "17-HomeWork-UIButton";
			};
			name = Debug;
		};
		F91EC2E81EBCBC4B00F69929 /* Release */ = {
			isa = XCBuildConfiguration;
			buildSettings = {
				INFOPLIST_FILE = "17-HomeWork-UIButtonUITests/Info.plist";
				LD_RUNPATH_SEARCH_PATHS = "$(inherited) @executable_path/Frameworks @loader_path/Frameworks";
				PRODUCT_BUNDLE_IDENTIFIER = "com.slavchik.-7-HomeWork-UIButtonUITests";
				PRODUCT_NAME = "$(TARGET_NAME)";
				TEST_TARGET_NAME = "17-HomeWork-UIButton";
			};
			name = Release;
		};
/* End XCBuildConfiguration section */

/* Begin XCConfigurationList section */
		F91EC2AE1EBCBC4A00F69929 /* Build configuration list for PBXProject "17-HomeWork-UIButton" */ = {
			isa = XCConfigurationList;
			buildConfigurations = (
				F91EC2DE1EBCBC4B00F69929 /* Debug */,
				F91EC2DF1EBCBC4B00F69929 /* Release */,
			);
			defaultConfigurationIsVisible = 0;
			defaultConfigurationName = Release;
		};
		F91EC2E01EBCBC4B00F69929 /* Build configuration list for PBXNativeTarget "17-HomeWork-UIButton" */ = {
			isa = XCConfigurationList;
			buildConfigurations = (
				F91EC2E11EBCBC4B00F69929 /* Debug */,
				F91EC2E21EBCBC4B00F69929 /* Release */,
			);
			defaultConfigurationIsVisible = 0;
		};
		F91EC2E31EBCBC4B00F69929 /* Build configuration list for PBXNativeTarget "17-HomeWork-UIButtonTests" */ = {
			isa = XCConfigurationList;
			buildConfigurations = (
				F91EC2E41EBCBC4B00F69929 /* Debug */,
				F91EC2E51EBCBC4B00F69929 /* Release */,
			);
			defaultConfigurationIsVisible = 0;
		};
		F91EC2E61EBCBC4B00F69929 /* Build configuration list for PBXNativeTarget "17-HomeWork-UIButtonUITests" */ = {
			isa = XCConfigurationList;
			buildConfigurations = (
				F91EC2E71EBCBC4B00F69929 /* Debug */,
				F91EC2E81EBCBC4B00F69929 /* Release */,
			);
			defaultConfigurationIsVisible = 0;
		};
/* End XCConfigurationList section */
	};
	rootObject = F91EC2AB1EBCBC4A00F69929 /* Project object */;
}
